// !$*UTF8*$!
{
	archiveVersion = 1;
	classes = {
	};
	objectVersion = 46;
	objects = {

/* Begin PBXBuildFile section */
		7BAD5F9518E7B396005E90B8 /* XCTest.framework in Frameworks */ = {isa = PBXBuildFile; fileRef = 7BAD5F9418E7B396005E90B8 /* XCTest.framework */; };
		7BAD5F9B18E7B396005E90B8 /* InfoPlist.strings in Resources */ = {isa = PBXBuildFile; fileRef = 7BAD5F9918E7B396005E90B8 /* InfoPlist.strings */; };
		7BAD5F9D18E7B396005E90B8 /* JLTMapFilterReduceTests.m in Sources */ = {isa = PBXBuildFile; fileRef = 7BAD5F9C18E7B396005E90B8 /* JLTMapFilterReduceTests.m */; };
		7BF4FAC618E8F7C800D1AB8A /* Foundation.framework in Frameworks */ = {isa = PBXBuildFile; fileRef = 7BF4FAC518E8F7C700D1AB8A /* Foundation.framework */; };
		7BF4FAC918E8F7C800D1AB8A /* main.m in Sources */ = {isa = PBXBuildFile; fileRef = 7BF4FAC818E8F7C800D1AB8A /* main.m */; };
		7BF4FAD118E8F8C900D1AB8A /* NSArray+JLTMapFilterReduce.m in Sources */ = {isa = PBXBuildFile; fileRef = 7BAD5FA618E7C0E6005E90B8 /* NSArray+JLTMapFilterReduce.m */; };
		7BF4FAD218E8FA4D00D1AB8A /* NSArray+JLTMapFilterReduce.m in Sources */ = {isa = PBXBuildFile; fileRef = 7BAD5FA618E7C0E6005E90B8 /* NSArray+JLTMapFilterReduce.m */; };
		7BF4FAD518E8FC0800D1AB8A /* JLTMapFilterReduceRunner.m in Sources */ = {isa = PBXBuildFile; fileRef = 7BF4FAD418E8FC0800D1AB8A /* JLTMapFilterReduceRunner.m */; };
/* End PBXBuildFile section */

/* Begin PBXFileReference section */
		7BAD5F9118E7B396005E90B8 /* JLTMapFilterReduceTests.xctest */ = {isa = PBXFileReference; explicitFileType = wrapper.cfbundle; includeInIndex = 0; path = JLTMapFilterReduceTests.xctest; sourceTree = BUILT_PRODUCTS_DIR; };
		7BAD5F9418E7B396005E90B8 /* XCTest.framework */ = {isa = PBXFileReference; lastKnownFileType = wrapper.framework; name = XCTest.framework; path = Library/Frameworks/XCTest.framework; sourceTree = DEVELOPER_DIR; };
		7BAD5F9818E7B396005E90B8 /* JLTMapFilterReduceTests-Info.plist */ = {isa = PBXFileReference; lastKnownFileType = text.plist.xml; path = "JLTMapFilterReduceTests-Info.plist"; sourceTree = "<group>"; };
		7BAD5F9A18E7B396005E90B8 /* en */ = {isa = PBXFileReference; lastKnownFileType = text.plist.strings; name = en; path = en.lproj/InfoPlist.strings; sourceTree = "<group>"; };
		7BAD5F9C18E7B396005E90B8 /* JLTMapFilterReduceTests.m */ = {isa = PBXFileReference; lastKnownFileType = sourcecode.c.objc; path = JLTMapFilterReduceTests.m; sourceTree = "<group>"; };
		7BAD5F9E18E7B396005E90B8 /* JLTMapFilterReduceTests-Prefix.pch */ = {isa = PBXFileReference; lastKnownFileType = sourcecode.c.h; path = "JLTMapFilterReduceTests-Prefix.pch"; sourceTree = "<group>"; };
		7BAD5FA518E7C0E5005E90B8 /* NSArray+JLTMapFilterReduce.h */ = {isa = PBXFileReference; fileEncoding = 4; lastKnownFileType = sourcecode.c.h; name = "NSArray+JLTMapFilterReduce.h"; path = "../NSArray+JLTMapFilterReduce.h"; sourceTree = "<group>"; };
		7BAD5FA618E7C0E6005E90B8 /* NSArray+JLTMapFilterReduce.m */ = {isa = PBXFileReference; fileEncoding = 4; lastKnownFileType = sourcecode.c.objc; name = "NSArray+JLTMapFilterReduce.m"; path = "../NSArray+JLTMapFilterReduce.m"; sourceTree = "<group>"; };
		7BF4FAC418E8F7C700D1AB8A /* JLTMapFilterReducePerformance */ = {isa = PBXFileReference; explicitFileType = "compiled.mach-o.executable"; includeInIndex = 0; path = JLTMapFilterReducePerformance; sourceTree = BUILT_PRODUCTS_DIR; };
		7BF4FAC518E8F7C700D1AB8A /* Foundation.framework */ = {isa = PBXFileReference; lastKnownFileType = wrapper.framework; name = Foundation.framework; path = System/Library/Frameworks/Foundation.framework; sourceTree = SDKROOT; };
		7BF4FAC818E8F7C800D1AB8A /* main.m */ = {isa = PBXFileReference; lastKnownFileType = sourcecode.c.objc; path = main.m; sourceTree = "<group>"; };
		7BF4FACB18E8F7C800D1AB8A /* JLTMapFilterReducePerformance-Prefix.pch */ = {isa = PBXFileReference; lastKnownFileType = sourcecode.c.h; path = "JLTMapFilterReducePerformance-Prefix.pch"; sourceTree = "<group>"; };
		7BF4FAD318E8FC0800D1AB8A /* JLTMapFilterReduceRunner.h */ = {isa = PBXFileReference; fileEncoding = 4; lastKnownFileType = sourcecode.c.h; path = JLTMapFilterReduceRunner.h; sourceTree = "<group>"; };
		7BF4FAD418E8FC0800D1AB8A /* JLTMapFilterReduceRunner.m */ = {isa = PBXFileReference; fileEncoding = 4; lastKnownFileType = sourcecode.c.objc; path = JLTMapFilterReduceRunner.m; sourceTree = "<group>"; };
/* End PBXFileReference section */

/* Begin PBXFrameworksBuildPhase section */
		7BAD5F8E18E7B396005E90B8 /* Frameworks */ = {
			isa = PBXFrameworksBuildPhase;
			buildActionMask = 2147483647;
			files = (
				7BAD5F9518E7B396005E90B8 /* XCTest.framework in Frameworks */,
			);
			runOnlyForDeploymentPostprocessing = 0;
		};
		7BF4FAC118E8F7C700D1AB8A /* Frameworks */ = {
			isa = PBXFrameworksBuildPhase;
			buildActionMask = 2147483647;
			files = (
				7BF4FAC618E8F7C800D1AB8A /* Foundation.framework in Frameworks */,
			);
			runOnlyForDeploymentPostprocessing = 0;
		};
/* End PBXFrameworksBuildPhase section */

/* Begin PBXGroup section */
		7B416C3018E7B063009922E4 = {
			isa = PBXGroup;
			children = (
				7BAD5FA518E7C0E5005E90B8 /* NSArray+JLTMapFilterReduce.h */,
				7BAD5FA618E7C0E6005E90B8 /* NSArray+JLTMapFilterReduce.m */,
				7BAD5F9618E7B396005E90B8 /* JLTMapFilterReduceTests */,
				7BF4FAC718E8F7C800D1AB8A /* JLTMapFilterReducePerformance */,
				7BAD5F9318E7B396005E90B8 /* Frameworks */,
				7BAD5F9218E7B396005E90B8 /* Products */,
			);
			sourceTree = "<group>";
		};
		7BAD5F9218E7B396005E90B8 /* Products */ = {
			isa = PBXGroup;
			children = (
				7BAD5F9118E7B396005E90B8 /* JLTMapFilterReduceTests.xctest */,
				7BF4FAC418E8F7C700D1AB8A /* JLTMapFilterReducePerformance */,
			);
			name = Products;
			sourceTree = "<group>";
		};
		7BAD5F9318E7B396005E90B8 /* Frameworks */ = {
			isa = PBXGroup;
			children = (
				7BAD5F9418E7B396005E90B8 /* XCTest.framework */,
				7BF4FAC518E8F7C700D1AB8A /* Foundation.framework */,
			);
			name = Frameworks;
			sourceTree = "<group>";
		};
		7BAD5F9618E7B396005E90B8 /* JLTMapFilterReduceTests */ = {
			isa = PBXGroup;
			children = (
				7BAD5F9C18E7B396005E90B8 /* JLTMapFilterReduceTests.m */,
				7BAD5F9718E7B396005E90B8 /* Supporting Files */,
			);
			path = JLTMapFilterReduceTests;
			sourceTree = "<group>";
		};
		7BAD5F9718E7B396005E90B8 /* Supporting Files */ = {
			isa = PBXGroup;
			children = (
				7BAD5F9818E7B396005E90B8 /* JLTMapFilterReduceTests-Info.plist */,
				7BAD5F9918E7B396005E90B8 /* InfoPlist.strings */,
				7BAD5F9E18E7B396005E90B8 /* JLTMapFilterReduceTests-Prefix.pch */,
			);
			name = "Supporting Files";
			sourceTree = "<group>";
		};
		7BF4FAC718E8F7C800D1AB8A /* JLTMapFilterReducePerformance */ = {
			isa = PBXGroup;
			children = (
				7BF4FAD318E8FC0800D1AB8A /* JLTMapFilterReduceRunner.h */,
				7BF4FAD418E8FC0800D1AB8A /* JLTMapFilterReduceRunner.m */,
				7BF4FAC818E8F7C800D1AB8A /* main.m */,
				7BF4FACA18E8F7C800D1AB8A /* Supporting Files */,
			);
			path = JLTMapFilterReducePerformance;
			sourceTree = "<group>";
		};
		7BF4FACA18E8F7C800D1AB8A /* Supporting Files */ = {
			isa = PBXGroup;
			children = (
				7BF4FACB18E8F7C800D1AB8A /* JLTMapFilterReducePerformance-Prefix.pch */,
			);
			name = "Supporting Files";
			sourceTree = "<group>";
		};
/* End PBXGroup section */

/* Begin PBXNativeTarget section */
		7BAD5F9018E7B396005E90B8 /* JLTMapFilterReduceTests */ = {
			isa = PBXNativeTarget;
			buildConfigurationList = 7BAD5FA118E7B396005E90B8 /* Build configuration list for PBXNativeTarget "JLTMapFilterReduceTests" */;
			buildPhases = (
				7BAD5F8D18E7B396005E90B8 /* Sources */,
				7BAD5F8E18E7B396005E90B8 /* Frameworks */,
				7BAD5F8F18E7B396005E90B8 /* Resources */,
			);
			buildRules = (
			);
			dependencies = (
			);
			name = JLTMapFilterReduceTests;
			productName = JLTMapFilterReduceTests;
			productReference = 7BAD5F9118E7B396005E90B8 /* JLTMapFilterReduceTests.xctest */;
			productType = "com.apple.product-type.bundle.unit-test";
		};
		7BF4FAC318E8F7C700D1AB8A /* JLTMapFilterReducePerformance */ = {
			isa = PBXNativeTarget;
			buildConfigurationList = 7BF4FAD018E8F7C800D1AB8A /* Build configuration list for PBXNativeTarget "JLTMapFilterReducePerformance" */;
			buildPhases = (
				7BF4FAC018E8F7C700D1AB8A /* Sources */,
				7BF4FAC118E8F7C700D1AB8A /* Frameworks */,
			);
			buildRules = (
			);
			dependencies = (
			);
			name = JLTMapFilterReducePerformance;
			productName = JLTMapFilterReducePerformance;
			productReference = 7BF4FAC418E8F7C700D1AB8A /* JLTMapFilterReducePerformance */;
			productType = "com.apple.product-type.tool";
		};
/* End PBXNativeTarget section */

/* Begin PBXProject section */
		7B416C3118E7B063009922E4 /* Project object */ = {
			isa = PBXProject;
			attributes = {
				LastUpgradeCheck = 0730;
				TargetAttributes = {
					7BAD5F9018E7B396005E90B8 = {
						TestTargetID = 7BF4FAC318E8F7C700D1AB8A;
					};
				};
			};
			buildConfigurationList = 7B416C3418E7B063009922E4 /* Build configuration list for PBXProject "JLTMapFilterReduceTests" */;
			compatibilityVersion = "Xcode 3.2";
			developmentRegion = English;
			hasScannedForEncodings = 0;
			knownRegions = (
				en,
			);
			mainGroup = 7B416C3018E7B063009922E4;
			productRefGroup = 7BAD5F9218E7B396005E90B8 /* Products */;
			projectDirPath = "";
			projectRoot = "";
			targets = (
				7BAD5F9018E7B396005E90B8 /* JLTMapFilterReduceTests */,
				7BF4FAC318E8F7C700D1AB8A /* JLTMapFilterReducePerformance */,
			);
		};
/* End PBXProject section */

/* Begin PBXResourcesBuildPhase section */
		7BAD5F8F18E7B396005E90B8 /* Resources */ = {
			isa = PBXResourcesBuildPhase;
			buildActionMask = 2147483647;
			files = (
				7BAD5F9B18E7B396005E90B8 /* InfoPlist.strings in Resources */,
			);
			runOnlyForDeploymentPostprocessing = 0;
		};
/* End PBXResourcesBuildPhase section */

/* Begin PBXSourcesBuildPhase section */
		7BAD5F8D18E7B396005E90B8 /* Sources */ = {
			isa = PBXSourcesBuildPhase;
			buildActionMask = 2147483647;
			files = (
				7BF4FAD218E8FA4D00D1AB8A /* NSArray+JLTMapFilterReduce.m in Sources */,
				7BAD5F9D18E7B396005E90B8 /* JLTMapFilterReduceTests.m in Sources */,
			);
			runOnlyForDeploymentPostprocessing = 0;
		};
		7BF4FAC018E8F7C700D1AB8A /* Sources */ = {
			isa = PBXSourcesBuildPhase;
			buildActionMask = 2147483647;
			files = (
				7BF4FAD118E8F8C900D1AB8A /* NSArray+JLTMapFilterReduce.m in Sources */,
				7BF4FAC918E8F7C800D1AB8A /* main.m in Sources */,
				7BF4FAD518E8FC0800D1AB8A /* JLTMapFilterReduceRunner.m in Sources */,
			);
			runOnlyForDeploymentPostprocessing = 0;
		};
/* End PBXSourcesBuildPhase section */

/* Begin PBXVariantGroup section */
		7BAD5F9918E7B396005E90B8 /* InfoPlist.strings */ = {
			isa = PBXVariantGroup;
			children = (
				7BAD5F9A18E7B396005E90B8 /* en */,
			);
			name = InfoPlist.strings;
			sourceTree = "<group>";
		};
/* End PBXVariantGroup section */

/* Begin XCBuildConfiguration section */
		7B416C3518E7B063009922E4 /* Debug */ = {
			isa = XCBuildConfiguration;
			buildSettings = {
				ENABLE_TESTABILITY = YES;
				ONLY_ACTIVE_ARCH = YES;
				USER_HEADER_SEARCH_PATHS = ".. $(inherited)";
			};
			name = Debug;
		};
		7B416C3618E7B063009922E4 /* Release */ = {
			isa = XCBuildConfiguration;
			buildSettings = {
				USER_HEADER_SEARCH_PATHS = ".. $(inherited)";
			};
			name = Release;
		};
		7BAD5F9F18E7B396005E90B8 /* Debug */ = {
			isa = XCBuildConfiguration;
			buildSettings = {
				ALWAYS_SEARCH_USER_PATHS = NO;
				CLANG_CXX_LANGUAGE_STANDARD = "gnu++0x";
				CLANG_CXX_LIBRARY = "libc++";
				CLANG_ENABLE_MODULES = YES;
				CLANG_ENABLE_OBJC_ARC = YES;
				CLANG_WARN_BOOL_CONVERSION = YES;
				CLANG_WARN_CONSTANT_CONVERSION = YES;
				CLANG_WARN_DIRECT_OBJC_ISA_USAGE = YES_ERROR;
				CLANG_WARN_EMPTY_BODY = YES;
				CLANG_WARN_ENUM_CONVERSION = YES;
				CLANG_WARN_INT_CONVERSION = YES;
				CLANG_WARN_OBJC_ROOT_CLASS = YES_ERROR;
				CLANG_WARN__DUPLICATE_METHOD_MATCH = YES;
				COMBINE_HIDPI_IMAGES = YES;
				COPY_PHASE_STRIP = NO;
				FRAMEWORK_SEARCH_PATHS = (
					"$(DEVELOPER_FRAMEWORKS_DIR)",
					"$(inherited)",
				);
				GCC_C_LANGUAGE_STANDARD = gnu99;
				GCC_DYNAMIC_NO_PIC = NO;
				GCC_ENABLE_OBJC_EXCEPTIONS = YES;
				GCC_OPTIMIZATION_LEVEL = 0;
				GCC_PRECOMPILE_PREFIX_HEADER = YES;
				GCC_PREFIX_HEADER = "JLTMapFilterReduceTests/JLTMapFilterReduceTests-Prefix.pch";
				GCC_PREPROCESSOR_DEFINITIONS = (
					"DEBUG=1",
					"$(inherited)",
				);
				GCC_SYMBOLS_PRIVATE_EXTERN = NO;
				GCC_WARN_64_TO_32_BIT_CONVERSION = YES;
				GCC_WARN_ABOUT_RETURN_TYPE = YES_ERROR;
				GCC_WARN_UNDECLARED_SELECTOR = YES;
				GCC_WARN_UNINITIALIZED_AUTOS = YES_AGGRESSIVE;
				GCC_WARN_UNUSED_FUNCTION = YES;
				GCC_WARN_UNUSED_VARIABLE = YES;
				INFOPLIST_FILE = "JLTMapFilterReduceTests/JLTMapFilterReduceTests-Info.plist";
				MACOSX_DEPLOYMENT_TARGET = 10.9;
				ONLY_ACTIVE_ARCH = YES;
				PRODUCT_BUNDLE_IDENTIFIER = "com.JLTSource.${PRODUCT_NAME:rfc1034identifier}";
				PRODUCT_NAME = "$(TARGET_NAME)";
				SDKROOT = macosx;
				WRAPPER_EXTENSION = xctest;
			};
			name = Debug;
		};
		7BAD5FA018E7B396005E90B8 /* Release */ = {
			isa = XCBuildConfiguration;
			buildSettings = {
				ALWAYS_SEARCH_USER_PATHS = NO;
				CLANG_CXX_LANGUAGE_STANDARD = "gnu++0x";
				CLANG_CXX_LIBRARY = "libc++";
				CLANG_ENABLE_MODULES = YES;
				CLANG_ENABLE_OBJC_ARC = YES;
				CLANG_WARN_BOOL_CONVERSION = YES;
				CLANG_WARN_CONSTANT_CONVERSION = YES;
				CLANG_WARN_DIRECT_OBJC_ISA_USAGE = YES_ERROR;
				CLANG_WARN_EMPTY_BODY = YES;
				CLANG_WARN_ENUM_CONVERSION = YES;
				CLANG_WARN_INT_CONVERSION = YES;
				CLANG_WARN_OBJC_ROOT_CLASS = YES_ERROR;
				CLANG_WARN__DUPLICATE_METHOD_MATCH = YES;
				COMBINE_HIDPI_IMAGES = YES;
				COPY_PHASE_STRIP = YES;
				DEBUG_INFORMATION_FORMAT = "dwarf-with-dsym";
				ENABLE_NS_ASSERTIONS = NO;
				FRAMEWORK_SEARCH_PATHS = (
					"$(DEVELOPER_FRAMEWORKS_DIR)",
					"$(inherited)",
				);
				GCC_C_LANGUAGE_STANDARD = gnu99;
				GCC_ENABLE_OBJC_EXCEPTIONS = YES;
				GCC_PRECOMPILE_PREFIX_HEADER = YES;
				GCC_PREFIX_HEADER = "JLTMapFilterReduceTests/JLTMapFilterReduceTests-Prefix.pch";
				GCC_WARN_64_TO_32_BIT_CONVERSION = YES;
				GCC_WARN_ABOUT_RETURN_TYPE = YES_ERROR;
				GCC_WARN_UNDECLARED_SELECTOR = YES;
				GCC_WARN_UNINITIALIZED_AUTOS = YES_AGGRESSIVE;
				GCC_WARN_UNUSED_FUNCTION = YES;
				GCC_WARN_UNUSED_VARIABLE = YES;
				INFOPLIST_FILE = "JLTMapFilterReduceTests/JLTMapFilterReduceTests-Info.plist";
				MACOSX_DEPLOYMENT_TARGET = 10.9;
				PRODUCT_BUNDLE_IDENTIFIER = "com.JLTSource.${PRODUCT_NAME:rfc1034identifier}";
				PRODUCT_NAME = "$(TARGET_NAME)";
				SDKROOT = macosx;
				WRAPPER_EXTENSION = xctest;
			};
			name = Release;
		};
		7BF4FACE18E8F7C800D1AB8A /* Debug */ = {
			isa = XCBuildConfiguration;
			buildSettings = {
				ALWAYS_SEARCH_USER_PATHS = NO;
				CLANG_CXX_LANGUAGE_STANDARD = "gnu++0x";
				CLANG_CXX_LIBRARY = "libc++";
				CLANG_ENABLE_MODULES = YES;
				CLANG_ENABLE_OBJC_ARC = YES;
				CLANG_WARN_BOOL_CONVERSION = YES;
				CLANG_WARN_CONSTANT_CONVERSION = YES;
				CLANG_WARN_DIRECT_OBJC_ISA_USAGE = YES_ERROR;
				CLANG_WARN_EMPTY_BODY = YES;
				CLANG_WARN_ENUM_CONVERSION = YES;
				CLANG_WARN_INT_CONVERSION = YES;
				CLANG_WARN_OBJC_ROOT_CLASS = YES_ERROR;
				CLANG_WARN__DUPLICATE_METHOD_MATCH = YES;
				COPY_PHASE_STRIP = NO;
				GCC_C_LANGUAGE_STANDARD = gnu99;
				GCC_DYNAMIC_NO_PIC = NO;
				GCC_ENABLE_OBJC_EXCEPTIONS = YES;
				GCC_OPTIMIZATION_LEVEL = 0;
				GCC_PRECOMPILE_PREFIX_HEADER = YES;
				GCC_PREFIX_HEADER = "JLTMapFilterReducePerformance/JLTMapFilterReducePerformance-Prefix.pch";
				GCC_PREPROCESSOR_DEFINITIONS = (
					"DEBUG=1",
					"$(inherited)",
				);
				GCC_SYMBOLS_PRIVATE_EXTERN = NO;
				GCC_WARN_64_TO_32_BIT_CONVERSION = YES;
				GCC_WARN_ABOUT_RETURN_TYPE = YES_ERROR;
				GCC_WARN_UNDECLARED_SELECTOR = YES;
				GCC_WARN_UNINITIALIZED_AUTOS = YES_AGGRESSIVE;
				GCC_WARN_UNUSED_FUNCTION = YES;
				GCC_WARN_UNUSED_VARIABLE = YES;
				MACOSX_DEPLOYMENT_TARGET = 10.9;
				ONLY_ACTIVE_ARCH = YES;
				PRODUCT_NAME = "$(TARGET_NAME)";
				SDKROOT = macosx;
			};
			name = Debug;
		};
		7BF4FACF18E8F7C800D1AB8A /* Release */ = {
			isa = XCBuildConfiguration;
			buildSettings = {
				ALWAYS_SEARCH_USER_PATHS = NO;
				CLANG_CXX_LANGUAGE_STANDARD = "gnu++0x";
				CLANG_CXX_LIBRARY = "libc++";
				CLANG_ENABLE_MODULES = YES;
				CLANG_ENABLE_OBJC_ARC = YES;
				CLANG_WARN_BOOL_CONVERSION = YES;
				CLANG_WARN_CONSTANT_CONVERSION = YES;
				CLANG_WARN_DIRECT_OBJC_ISA_USAGE = YES_ERROR;
				CLANG_WARN_EMPTY_BODY = YES;
				CLANG_WARN_ENUM_CONVERSION = YES;
				CLANG_WARN_INT_CONVERSION = YES;
				CLANG_WARN_OBJC_ROOT_CLASS = YES_ERROR;
				CLANG_WARN__DUPLICATE_METHOD_MATCH = YES;
				COPY_PHASE_STRIP = YES;
				DEBUG_INFORMATION_FORMAT = "dwarf-with-dsym";
				ENABLE_NS_ASSERTIONS = NO;
				GCC_C_LANGUAGE_STANDARD = gnu99;
				GCC_ENABLE_OBJC_EXCEPTIONS = YES;
				GCC_PRECOMPILE_PREFIX_HEADER = YES;
				GCC_PREFIX_HEADER = "JLTMapFilterReducePerformance/JLTMapFilterReducePerformance-Prefix.pch";
				GCC_WARN_64_TO_32_BIT_CONVERSION = YES;
				GCC_WARN_ABOUT_RETURN_TYPE = YES_ERROR;
				GCC_WARN_UNDECLARED_SELECTOR = YES;
				GCC_WARN_UNINITIALIZED_AUTOS = YES_AGGRESSIVE;
				GCC_WARN_UNUSED_FUNCTION = YES;
				GCC_WARN_UNUSED_VARIABLE = YES;
				MACOSX_DEPLOYMENT_TARGET = 10.9;
				PRODUCT_NAME = "$(TARGET_NAME)";
				SDKROOT = macosx;
			};
			name = Release;
		};
/* End XCBuildConfiguration section */

/* Begin XCConfigurationList section */
		7B416C3418E7B063009922E4 /* Build configuration list for PBXProject "JLTMapFilterReduceTests" */ = {
			isa = XCConfigurationList;
			buildConfigurations = (
				7B416C3518E7B063009922E4 /* Debug */,
				7B416C3618E7B063009922E4 /* Release */,
			);
			defaultConfigurationIsVisible = 0;
			defaultConfigurationName = Release;
		};
		7BAD5FA118E7B396005E90B8 /* Build configuration list for PBXNativeTarget "JLTMapFilterReduceTests" */ = {
			isa = XCConfigurationList;
			buildConfigurations = (
				7BAD5F9F18E7B396005E90B8 /* Debug */,
				7BAD5FA018E7B396005E90B8 /* Release */,
			);
			defaultConfigurationIsVisible = 0;
			defaultConfigurationName = Release;
		};
		7BF4FAD018E8F7C800D1AB8A /* Build configuration list for PBXNativeTarget "JLTMapFilterReducePerformance" */ = {
			isa = XCConfigurationList;
			buildConfigurations = (
				7BF4FACE18E8F7C800D1AB8A /* Debug */,
				7BF4FACF18E8F7C800D1AB8A /* Release */,
			);
			defaultConfigurationIsVisible = 0;
			defaultConfigurationName = Release;
		};
/* End XCConfigurationList section */
	};
	rootObject = 7B416C3118E7B063009922E4 /* Project object */;
}
